// !$*UTF8*$!
{
	archiveVersion = 1;
	classes = {
	};
	objectVersion = 51;
	objects = {

/* Begin PBXBuildFile section */
		450235661211AF5C9F0EBC87 /* Pods_ToDoApp.framework in Frameworks */ = {isa = PBXBuildFile; fileRef = 654C7E0805AE5EF0EDCCCBFF /* Pods_ToDoApp.framework */; };
		5F1CC7BC26A328B700EE9683 /* CategoryViewController.swift in Sources */ = {isa = PBXBuildFile; fileRef = 5F1CC7BB26A328B700EE9683 /* CategoryViewController.swift */; };
		5F3C2F7426A59D4300A5C304 /* Category.swift in Sources */ = {isa = PBXBuildFile; fileRef = 5F3C2F7326A59D4300A5C304 /* Category.swift */; };
		5F3C2F7626A59D5000A5C304 /* Item.swift in Sources */ = {isa = PBXBuildFile; fileRef = 5F3C2F7526A59D5000A5C304 /* Item.swift */; };
		5F7AF483269878E2005118F0 /* AppDelegate.swift in Sources */ = {isa = PBXBuildFile; fileRef = 5F7AF482269878E2005118F0 /* AppDelegate.swift */; };
		5F7AF485269878E2005118F0 /* SceneDelegate.swift in Sources */ = {isa = PBXBuildFile; fileRef = 5F7AF484269878E2005118F0 /* SceneDelegate.swift */; };
		5F7AF487269878E2005118F0 /* TodoListViewController.swift in Sources */ = {isa = PBXBuildFile; fileRef = 5F7AF486269878E2005118F0 /* TodoListViewController.swift */; };
		5F7AF48A269878E2005118F0 /* Main.storyboard in Resources */ = {isa = PBXBuildFile; fileRef = 5F7AF488269878E2005118F0 /* Main.storyboard */; };
		5F7AF48C269878E4005118F0 /* Assets.xcassets in Resources */ = {isa = PBXBuildFile; fileRef = 5F7AF48B269878E4005118F0 /* Assets.xcassets */; };
		5F7AF48F269878E4005118F0 /* LaunchScreen.storyboard in Resources */ = {isa = PBXBuildFile; fileRef = 5F7AF48D269878E4005118F0 /* LaunchScreen.storyboard */; };
		5FD4F4BA26A8C2CC00809CFC /* SwipeTableViewController.swift in Sources */ = {isa = PBXBuildFile; fileRef = 5FD4F4B926A8C2CC00809CFC /* SwipeTableViewController.swift */; };
/* End PBXBuildFile section */

/* Begin PBXFileReference section */
		5F1CC7BB26A328B700EE9683 /* CategoryViewController.swift */ = {isa = PBXFileReference; lastKnownFileType = sourcecode.swift; path = CategoryViewController.swift; sourceTree = "<group>"; };
		5F3C2F7326A59D4300A5C304 /* Category.swift */ = {isa = PBXFileReference; lastKnownFileType = sourcecode.swift; path = Category.swift; sourceTree = "<group>"; };
		5F3C2F7526A59D5000A5C304 /* Item.swift */ = {isa = PBXFileReference; lastKnownFileType = sourcecode.swift; path = Item.swift; sourceTree = "<group>"; };
		5F7AF47F269878E2005118F0 /* ToDoApp.app */ = {isa = PBXFileReference; explicitFileType = wrapper.application; includeInIndex = 0; path = ToDoApp.app; sourceTree = BUILT_PRODUCTS_DIR; };
		5F7AF482269878E2005118F0 /* AppDelegate.swift */ = {isa = PBXFileReference; lastKnownFileType = sourcecode.swift; path = AppDelegate.swift; sourceTree = "<group>"; };
		5F7AF484269878E2005118F0 /* SceneDelegate.swift */ = {isa = PBXFileReference; lastKnownFileType = sourcecode.swift; path = SceneDelegate.swift; sourceTree = "<group>"; };
		5F7AF486269878E2005118F0 /* TodoListViewController.swift */ = {isa = PBXFileReference; lastKnownFileType = sourcecode.swift; path = TodoListViewController.swift; sourceTree = "<group>"; };
		5F7AF489269878E2005118F0 /* Base */ = {isa = PBXFileReference; lastKnownFileType = file.storyboard; name = Base; path = Base.lproj/Main.storyboard; sourceTree = "<group>"; };
		5F7AF48B269878E4005118F0 /* Assets.xcassets */ = {isa = PBXFileReference; lastKnownFileType = folder.assetcatalog; path = Assets.xcassets; sourceTree = "<group>"; };
		5F7AF48E269878E4005118F0 /* Base */ = {isa = PBXFileReference; lastKnownFileType = file.storyboard; name = Base; path = Base.lproj/LaunchScreen.storyboard; sourceTree = "<group>"; };
		5F7AF490269878E4005118F0 /* Info.plist */ = {isa = PBXFileReference; lastKnownFileType = text.plist.xml; path = Info.plist; sourceTree = "<group>"; };
		5FD4F4B926A8C2CC00809CFC /* SwipeTableViewController.swift */ = {isa = PBXFileReference; lastKnownFileType = sourcecode.swift; path = SwipeTableViewController.swift; sourceTree = "<group>"; };
		654C7E0805AE5EF0EDCCCBFF /* Pods_ToDoApp.framework */ = {isa = PBXFileReference; explicitFileType = wrapper.framework; includeInIndex = 0; path = Pods_ToDoApp.framework; sourceTree = BUILT_PRODUCTS_DIR; };
		A6B971C1342A24F78388A910 /* Pods-ToDoApp.release.xcconfig */ = {isa = PBXFileReference; includeInIndex = 1; lastKnownFileType = text.xcconfig; name = "Pods-ToDoApp.release.xcconfig"; path = "Target Support Files/Pods-ToDoApp/Pods-ToDoApp.release.xcconfig"; sourceTree = "<group>"; };
		EFFD32F3640225E3FBFED891 /* Pods-ToDoApp.debug.xcconfig */ = {isa = PBXFileReference; includeInIndex = 1; lastKnownFileType = text.xcconfig; name = "Pods-ToDoApp.debug.xcconfig"; path = "Target Support Files/Pods-ToDoApp/Pods-ToDoApp.debug.xcconfig"; sourceTree = "<group>"; };
/* End PBXFileReference section */

/* Begin PBXFrameworksBuildPhase section */
		5F7AF47C269878E2005118F0 /* Frameworks */ = {
			isa = PBXFrameworksBuildPhase;
			buildActionMask = 2147483647;
			files = (
				450235661211AF5C9F0EBC87 /* Pods_ToDoApp.framework in Frameworks */,
			);
			runOnlyForDeploymentPostprocessing = 0;
		};
/* End PBXFrameworksBuildPhase section */

/* Begin PBXGroup section */
		5F7AF476269878E2005118F0 = {
			isa = PBXGroup;
			children = (
				5F7AF481269878E2005118F0 /* ToDoApp */,
				5F7AF480269878E2005118F0 /* Products */,
				CF360B0C43597A3631801E1D /* Pods */,
				EF23F0232577517B780DA789 /* Frameworks */,
			);
			sourceTree = "<group>";
		};
		5F7AF480269878E2005118F0 /* Products */ = {
			isa = PBXGroup;
			children = (
				5F7AF47F269878E2005118F0 /* ToDoApp.app */,
			);
			name = Products;
			sourceTree = "<group>";
		};
		5F7AF481269878E2005118F0 /* ToDoApp */ = {
			isa = PBXGroup;
			children = (
				5F7AF482269878E2005118F0 /* AppDelegate.swift */,
				5F7AF484269878E2005118F0 /* SceneDelegate.swift */,
				5F7AF499269893A8005118F0 /* Data Models */,
				5F7AF49B269893C7005118F0 /* Views */,
				5F7AF49A269893B7005118F0 /* Controllers */,
				5F7AF48B269878E4005118F0 /* Assets.xcassets */,
				5F7AF48D269878E4005118F0 /* LaunchScreen.storyboard */,
				5F7AF490269878E4005118F0 /* Info.plist */,
			);
			path = ToDoApp;
			sourceTree = "<group>";
		};
		5F7AF499269893A8005118F0 /* Data Models */ = {
			isa = PBXGroup;
			children = (
				5F3C2F7326A59D4300A5C304 /* Category.swift */,
				5F3C2F7526A59D5000A5C304 /* Item.swift */,
			);
			path = "Data Models";
			sourceTree = "<group>";
		};
		5F7AF49A269893B7005118F0 /* Controllers */ = {
			isa = PBXGroup;
			children = (
				5F1CC7BB26A328B700EE9683 /* CategoryViewController.swift */,
				5F7AF486269878E2005118F0 /* TodoListViewController.swift */,
				5FD4F4B926A8C2CC00809CFC /* SwipeTableViewController.swift */,
			);
			path = Controllers;
			sourceTree = "<group>";
		};
		5F7AF49B269893C7005118F0 /* Views */ = {
			isa = PBXGroup;
			children = (
				5F7AF488269878E2005118F0 /* Main.storyboard */,
			);
			path = Views;
			sourceTree = "<group>";
		};
		CF360B0C43597A3631801E1D /* Pods */ = {
			isa = PBXGroup;
			children = (
				EFFD32F3640225E3FBFED891 /* Pods-ToDoApp.debug.xcconfig */,
				A6B971C1342A24F78388A910 /* Pods-ToDoApp.release.xcconfig */,
			);
			path = Pods;
			sourceTree = "<group>";
		};
		EF23F0232577517B780DA789 /* Frameworks */ = {
			isa = PBXGroup;
			children = (
				654C7E0805AE5EF0EDCCCBFF /* Pods_ToDoApp.framework */,
			);
			name = Frameworks;
			sourceTree = "<group>";
		};
/* End PBXGroup section */

/* Begin PBXNativeTarget section */
		5F7AF47E269878E2005118F0 /* ToDoApp */ = {
			isa = PBXNativeTarget;
			buildConfigurationList = 5F7AF493269878E4005118F0 /* Build configuration list for PBXNativeTarget "ToDoApp" */;
			buildPhases = (
				CB93701107E13D31BDC322AD /* [CP] Check Pods Manifest.lock */,
				5F7AF47B269878E2005118F0 /* Sources */,
				5F7AF47C269878E2005118F0 /* Frameworks */,
				5F7AF47D269878E2005118F0 /* Resources */,
				24FE2598EE4A28D37E40EE74 /* [CP] Embed Pods Frameworks */,
			);
			buildRules = (
			);
			dependencies = (
			);
			name = ToDoApp;
			productName = ToDoApp;
			productReference = 5F7AF47F269878E2005118F0 /* ToDoApp.app */;
			productType = "com.apple.product-type.application";
		};
/* End PBXNativeTarget section */

/* Begin PBXProject section */
		5F7AF477269878E2005118F0 /* Project object */ = {
			isa = PBXProject;
			attributes = {
				LastSwiftUpdateCheck = 1250;
				LastUpgradeCheck = 1250;
				TargetAttributes = {
					5F7AF47E269878E2005118F0 = {
						CreatedOnToolsVersion = 12.5.1;
					};
				};
			};
			buildConfigurationList = 5F7AF47A269878E2005118F0 /* Build configuration list for PBXProject "ToDoApp" */;
			compatibilityVersion = "Xcode 10.0";
			developmentRegion = en;
			hasScannedForEncodings = 0;
			knownRegions = (
				en,
				Base,
			);
			mainGroup = 5F7AF476269878E2005118F0;
			productRefGroup = 5F7AF480269878E2005118F0 /* Products */;
			projectDirPath = "";
			projectRoot = "";
			targets = (
				5F7AF47E269878E2005118F0 /* ToDoApp */,
			);
		};
/* End PBXProject section */

/* Begin PBXResourcesBuildPhase section */
		5F7AF47D269878E2005118F0 /* Resources */ = {
			isa = PBXResourcesBuildPhase;
			buildActionMask = 2147483647;
			files = (
				5F7AF48F269878E4005118F0 /* LaunchScreen.storyboard in Resources */,
				5F7AF48C269878E4005118F0 /* Assets.xcassets in Resources */,
				5F7AF48A269878E2005118F0 /* Main.storyboard in Resources */,
			);
			runOnlyForDeploymentPostprocessing = 0;
		};
/* End PBXResourcesBuildPhase section */

/* Begin PBXShellScriptBuildPhase section */
		24FE2598EE4A28D37E40EE74 /* [CP] Embed Pods Frameworks */ = {
			isa = PBXShellScriptBuildPhase;
			buildActionMask = 2147483647;
			files = (
			);
			inputFileListPaths = (
				"${PODS_ROOT}/Target Support Files/Pods-ToDoApp/Pods-ToDoApp-frameworks-${CONFIGURATION}-input-files.xcfilelist",
			);
			name = "[CP] Embed Pods Frameworks";
			outputFileListPaths = (
				"${PODS_ROOT}/Target Support Files/Pods-ToDoApp/Pods-ToDoApp-frameworks-${CONFIGURATION}-output-files.xcfilelist",
			);
			runOnlyForDeploymentPostprocessing = 0;
			shellPath = /bin/sh;
			shellScript = "\"${PODS_ROOT}/Target Support Files/Pods-ToDoApp/Pods-ToDoApp-frameworks.sh\"\n";
			showEnvVarsInLog = 0;
		};
		CB93701107E13D31BDC322AD /* [CP] Check Pods Manifest.lock */ = {
			isa = PBXShellScriptBuildPhase;
			buildActionMask = 2147483647;
			files = (
			);
			inputFileListPaths = (
			);
			inputPaths = (
				"${PODS_PODFILE_DIR_PATH}/Podfile.lock",
				"${PODS_ROOT}/Manifest.lock",
			);
			name = "[CP] Check Pods Manifest.lock";
			outputFileListPaths = (
			);
			outputPaths = (
				"$(DERIVED_FILE_DIR)/Pods-ToDoApp-checkManifestLockResult.txt",
			);
			runOnlyForDeploymentPostprocessing = 0;
			shellPath = /bin/sh;
			shellScript = "diff \"${PODS_PODFILE_DIR_PATH}/Podfile.lock\" \"${PODS_ROOT}/Manifest.lock\" > /dev/null\nif [ $? != 0 ] ; then\n    # print error to STDERR\n    echo \"error: The sandbox is not in sync with the Podfile.lock. Run 'pod install' or update your CocoaPods installation.\" >&2\n    exit 1\nfi\n# This output is used by Xcode 'outputs' to avoid re-running this script phase.\necho \"SUCCESS\" > \"${SCRIPT_OUTPUT_FILE_0}\"\n";
			showEnvVarsInLog = 0;
		};
/* End PBXShellScriptBuildPhase section */

/* Begin PBXSourcesBuildPhase section */
		5F7AF47B269878E2005118F0 /* Sources */ = {
			isa = PBXSourcesBuildPhase;
			buildActionMask = 2147483647;
			files = (
				5F1CC7BC26A328B700EE9683 /* CategoryViewController.swift in Sources */,
				5F7AF487269878E2005118F0 /* TodoListViewController.swift in Sources */,
				5F7AF483269878E2005118F0 /* AppDelegate.swift in Sources */,
				5FD4F4BA26A8C2CC00809CFC /* SwipeTableViewController.swift in Sources */,
				5F3C2F7426A59D4300A5C304 /* Category.swift in Sources */,
				5F7AF485269878E2005118F0 /* SceneDelegate.swift in Sources */,
				5F3C2F7626A59D5000A5C304 /* Item.swift in Sources */,
			);
			runOnlyForDeploymentPostprocessing = 0;
		};
/* End PBXSourcesBuildPhase section */

/* Begin PBXVariantGroup section */
		5F7AF488269878E2005118F0 /* Main.storyboard */ = {
			isa = PBXVariantGroup;
			children = (
				5F7AF489269878E2005118F0 /* Base */,
			);
			name = Main.storyboard;
			sourceTree = "<group>";
		};
		5F7AF48D269878E4005118F0 /* LaunchScreen.storyboard */ = {
			isa = PBXVariantGroup;
			children = (
				5F7AF48E269878E4005118F0 /* Base */,
			);
			name = LaunchScreen.storyboard;
			sourceTree = "<group>";
		};
/* End PBXVariantGroup section */

/* Begin XCBuildConfiguration section */
		5F7AF491269878E4005118F0 /* Debug */ = {
			isa = XCBuildConfiguration;
			buildSettings = {
				ALWAYS_SEARCH_USER_PATHS = NO;
				CLANG_ANALYZER_NONNULL = YES;
				CLANG_ANALYZER_NUMBER_OBJECT_CONVERSION = YES_AGGRESSIVE;
				CLANG_CXX_LANGUAGE_STANDARD = "gnu++14";
				CLANG_CXX_LIBRARY = "libc++";
				CLANG_ENABLE_MODULES = YES;
				CLANG_ENABLE_OBJC_ARC = YES;
				CLANG_ENABLE_OBJC_WEAK = YES;
				CLANG_WARN_BLOCK_CAPTURE_AUTORELEASING = YES;
				CLANG_WARN_BOOL_CONVERSION = YES;
				CLANG_WARN_COMMA = YES;
				CLANG_WARN_CONSTANT_CONVERSION = YES;
				CLANG_WARN_DEPRECATED_OBJC_IMPLEMENTATIONS = YES;
				CLANG_WARN_DIRECT_OBJC_ISA_USAGE = YES_ERROR;
				CLANG_WARN_DOCUMENTATION_COMMENTS = YES;
				CLANG_WARN_EMPTY_BODY = YES;
				CLANG_WARN_ENUM_CONVERSION = YES;
				CLANG_WARN_INFINITE_RECURSION = YES;
				CLANG_WARN_INT_CONVERSION = YES;
				CLANG_WARN_NON_LITERAL_NULL_CONVERSION = YES;
				CLANG_WARN_OBJC_IMPLICIT_RETAIN_SELF = YES;
				CLANG_WARN_OBJC_LITERAL_CONVERSION = YES;
				CLANG_WARN_OBJC_ROOT_CLASS = YES_ERROR;
				CLANG_WARN_QUOTED_INCLUDE_IN_FRAMEWORK_HEADER = YES;
				CLANG_WARN_RANGE_LOOP_ANALYSIS = YES;
				CLANG_WARN_STRICT_PROTOTYPES = YES;
				CLANG_WARN_SUSPICIOUS_MOVE = YES;
				CLANG_WARN_UNGUARDED_AVAILABILITY = YES_AGGRESSIVE;
				CLANG_WARN_UNREACHABLE_CODE = YES;
				CLANG_WARN__DUPLICATE_METHOD_MATCH = YES;
				COPY_PHASE_STRIP = NO;
				DEBUG_INFORMATION_FORMAT = dwarf;
				ENABLE_STRICT_OBJC_MSGSEND = YES;
				ENABLE_TESTABILITY = YES;
				GCC_C_LANGUAGE_STANDARD = gnu11;
				GCC_DYNAMIC_NO_PIC = NO;
				GCC_NO_COMMON_BLOCKS = YES;
				GCC_OPTIMIZATION_LEVEL = 0;
				GCC_PREPROCESSOR_DEFINITIONS = (
					"DEBUG=1",
					"$(inherited)",
				);
				GCC_WARN_64_TO_32_BIT_CONVERSION = YES;
				GCC_WARN_ABOUT_RETURN_TYPE = YES_ERROR;
				GCC_WARN_UNDECLARED_SELECTOR = YES;
				GCC_WARN_UNINITIALIZED_AUTOS = YES_AGGRESSIVE;
				GCC_WARN_UNUSED_FUNCTION = YES;
				GCC_WARN_UNUSED_VARIABLE = YES;
				IPHONEOS_DEPLOYMENT_TARGET = 14.5;
				MTL_ENABLE_DEBUG_INFO = INCLUDE_SOURCE;
				MTL_FAST_MATH = YES;
				ONLY_ACTIVE_ARCH = YES;
				SDKROOT = iphoneos;
				SWIFT_ACTIVE_COMPILATION_CONDITIONS = DEBUG;
				SWIFT_OPTIMIZATION_LEVEL = "-Onone";
			};
			name = Debug;
		};
		5F7AF492269878E4005118F0 /* Release */ = {
			isa = XCBuildConfiguration;
			buildSettings = {
				ALWAYS_SEARCH_USER_PATHS = NO;
				CLANG_ANALYZER_NONNULL = YES;
				CLANG_ANALYZER_NUMBER_OBJECT_CONVERSION = YES_AGGRESSIVE;
				CLANG_CXX_LANGUAGE_STANDARD = "gnu++14";
				CLANG_CXX_LIBRARY = "libc++";
				CLANG_ENABLE_MODULES = YES;
				CLANG_ENABLE_OBJC_ARC = YES;
				CLANG_ENABLE_OBJC_WEAK = YES;
				CLANG_WARN_BLOCK_CAPTURE_AUTORELEASING = YES;
				CLANG_WARN_BOOL_CONVERSION = YES;
				CLANG_WARN_COMMA = YES;
				CLANG_WARN_CONSTANT_CONVERSION = YES;
				CLANG_WARN_DEPRECATED_OBJC_IMPLEMENTATIONS = YES;
				CLANG_WARN_DIRECT_OBJC_ISA_USAGE = YES_ERROR;
				CLANG_WARN_DOCUMENTATION_COMMENTS = YES;
				CLANG_WARN_EMPTY_BODY = YES;
				CLANG_WARN_ENUM_CONVERSION = YES;
				CLANG_WARN_INFINITE_RECURSION = YES;
				CLANG_WARN_INT_CONVERSION = YES;
				CLANG_WARN_NON_LITERAL_NULL_CONVERSION = YES;
				CLANG_WARN_OBJC_IMPLICIT_RETAIN_SELF = YES;
				CLANG_WARN_OBJC_LITERAL_CONVERSION = YES;
				CLANG_WARN_OBJC_ROOT_CLASS = YES_ERROR;
				CLANG_WARN_QUOTED_INCLUDE_IN_FRAMEWORK_HEADER = YES;
				CLANG_WARN_RANGE_LOOP_ANALYSIS = YES;
				CLANG_WARN_STRICT_PROTOTYPES = YES;
				CLANG_WARN_SUSPICIOUS_MOVE = YES;
				CLANG_WARN_UNGUARDED_AVAILABILITY = YES_AGGRESSIVE;
				CLANG_WARN_UNREACHABLE_CODE = YES;
				CLANG_WARN__DUPLICATE_METHOD_MATCH = YES;
				COPY_PHASE_STRIP = NO;
				DEBUG_INFORMATION_FORMAT = "dwarf-with-dsym";
				ENABLE_NS_ASSERTIONS = NO;
				ENABLE_STRICT_OBJC_MSGSEND = YES;
				GCC_C_LANGUAGE_STANDARD = gnu11;
				GCC_NO_COMMON_BLOCKS = YES;
				GCC_WARN_64_TO_32_BIT_CONVERSION = YES;
				GCC_WARN_ABOUT_RETURN_TYPE = YES_ERROR;
				GCC_WARN_UNDECLARED_SELECTOR = YES;
				GCC_WARN_UNINITIALIZED_AUTOS = YES_AGGRESSIVE;
				GCC_WARN_UNUSED_FUNCTION = YES;
				GCC_WARN_UNUSED_VARIABLE = YES;
				IPHONEOS_DEPLOYMENT_TARGET = 14.5;
				MTL_ENABLE_DEBUG_INFO = NO;
				MTL_FAST_MATH = YES;
				SDKROOT = iphoneos;
				SWIFT_COMPILATION_MODE = wholemodule;
				SWIFT_OPTIMIZATION_LEVEL = "-O";
				VALIDATE_PRODUCT = YES;
			};
			name = Release;
		};
		5F7AF494269878E4005118F0 /* Debug */ = {
			isa = XCBuildConfiguration;
			baseConfigurationReference = EFFD32F3640225E3FBFED891 /* Pods-ToDoApp.debug.xcconfig */;
			buildSettings = {
				ASSETCATALOG_COMPILER_APPICON_NAME = AppIcon;
				ASSETCATALOG_COMPILER_GLOBAL_ACCENT_COLOR_NAME = AccentColor;
				CODE_SIGN_STYLE = Automatic;
				DEVELOPMENT_TEAM = Q3JU6T27Y3;
				INFOPLIST_FILE = ToDoApp/Info.plist;
				LD_RUNPATH_SEARCH_PATHS = (
					"$(inherited)",
					"@executable_path/Frameworks",
				);
				PRODUCT_BUNDLE_IDENTIFIER = com.lukinafirmetina.ToDoApp;
				PRODUCT_NAME = "$(TARGET_NAME)";
				SWIFT_VERSION = 5.0;
				TARGETED_DEVICE_FAMILY = "1,2";
			};
			name = Debug;
		};
		5F7AF495269878E4005118F0 /* Release */ = {
			isa = XCBuildConfiguration;
			baseConfigurationReference = A6B971C1342A24F78388A910 /* Pods-ToDoApp.release.xcconfig */;
			buildSettings = {
				ASSETCATALOG_COMPILER_APPICON_NAME = AppIcon;
				ASSETCATALOG_COMPILER_GLOBAL_ACCENT_COLOR_NAME = AccentColor;
				CODE_SIGN_STYLE = Automatic;
				DEVELOPMENT_TEAM = Q3JU6T27Y3;
				INFOPLIST_FILE = ToDoApp/Info.plist;
				LD_RUNPATH_SEARCH_PATHS = (
					"$(inherited)",
					"@executable_path/Frameworks",
				);
				PRODUCT_BUNDLE_IDENTIFIER = com.lukinafirmetina.ToDoApp;
				PRODUCT_NAME = "$(TARGET_NAME)";
				SWIFT_VERSION = 5.0;
				TARGETED_DEVICE_FAMILY = "1,2";
			};
			name = Release;
		};
/* End XCBuildConfiguration section */

/* Begin XCConfigurationList section */
		5F7AF47A269878E2005118F0 /* Build configuration list for PBXProject "ToDoApp" */ = {
			isa = XCConfigurationList;
			buildConfigurations = (
				5F7AF491269878E4005118F0 /* Debug */,
				5F7AF492269878E4005118F0 /* Release */,
			);
			defaultConfigurationIsVisible = 0;
			defaultConfigurationName = Release;
		};
		5F7AF493269878E4005118F0 /* Build configuration list for PBXNativeTarget "ToDoApp" */ = {
			isa = XCConfigurationList;
			buildConfigurations = (
				5F7AF494269878E4005118F0 /* Debug */,
				5F7AF495269878E4005118F0 /* Release */,
			);
			defaultConfigurationIsVisible = 0;
			defaultConfigurationName = Release;
		};
/* End XCConfigurationList section */
	};
	rootObject = 5F7AF477269878E2005118F0 /* Project object */;
}
